
Microsoft Visual Studio Solution File, Format Version 12.00
# Visual Studio Version 17
VisualStudioVersion = 17.13.35825.156
MinimumVisualStudioVersion = 10.0.40219.1
Project("{FAE04EC0-301F-11D3-BF4B-00C04F79EFBC}") = "01. Back To The Past", "01. Back To The Past\01. Back To The Past.csproj", "{BB4271A8-68AE-4C94-8204-F862A9155C41}"
EndProject
Project("{FAE04EC0-301F-11D3-BF4B-00C04F79EFBC}") = "02. Hospital", "02. Hospital\02. Hospital.csproj", "{3C06A8F5-FE6E-458F-A2FF-DAE8734CFC2E}"
EndProject
Project("{FAE04EC0-301F-11D3-BF4B-00C04F79EFBC}") = "03. Logistics", "03. Logistics\03. Logistics.csproj", "{ACE36699-53F3-4CDC-B637-F2CE3D48D658}"
EndProject
Project("{FAE04EC0-301F-11D3-BF4B-00C04F79EFBC}") = "04. Grades", "04. Grades\04. Grades.csproj", "{A043B4D1-B2A6-42B3-B22D-5A5EC27CB3B8}"
EndProject
Global
	GlobalSection(SolutionConfigurationPlatforms) = preSolution
		Debug|Any CPU = Debug|Any CPU
		Release|Any CPU = Release|Any CPU
	EndGlobalSection
	GlobalSection(ProjectConfigurationPlatforms) = postSolution
		{BB4271A8-68AE-4C94-8204-F862A9155C41}.Debug|Any CPU.ActiveCfg = Debug|Any CPU
		{BB4271A8-68AE-4C94-8204-F862A9155C41}.Debug|Any CPU.Build.0 = Debug|Any CPU
		{BB4271A8-68AE-4C94-8204-F862A9155C41}.Release|Any CPU.ActiveCfg = Release|Any CPU
		{BB4271A8-68AE-4C94-8204-F862A9155C41}.Release|Any CPU.Build.0 = Release|Any CPU
		{3C06A8F5-FE6E-458F-A2FF-DAE8734CFC2E}.Debug|Any CPU.ActiveCfg = Debug|Any CPU
		{3C06A8F5-FE6E-458F-A2FF-DAE8734CFC2E}.Debug|Any CPU.Build.0 = Debug|Any CPU
		{3C06A8F5-FE6E-458F-A2FF-DAE8734CFC2E}.Release|Any CPU.ActiveCfg = Release|Any CPU
		{3C06A8F5-FE6E-458F-A2FF-DAE8734CFC2E}.Release|Any CPU.Build.0 = Release|Any CPU
		{ACE36699-53F3-4CDC-B637-F2CE3D48D658}.Debug|Any CPU.ActiveCfg = Debug|Any CPU
		{ACE36699-53F3-4CDC-B637-F2CE3D48D658}.Debug|Any CPU.Build.0 = Debug|Any CPU
		{ACE36699-53F3-4CDC-B637-F2CE3D48D658}.Release|Any CPU.ActiveCfg = Release|Any CPU
		{ACE36699-53F3-4CDC-B637-F2CE3D48D658}.Release|Any CPU.Build.0 = Release|Any CPU
		{A043B4D1-B2A6-42B3-B22D-5A5EC27CB3B8}.Debug|Any CPU.ActiveCfg = Debug|Any CPU
		{A043B4D1-B2A6-42B3-B22D-5A5EC27CB3B8}.Debug|Any CPU.Build.0 = Debug|Any CPU
		{A043B4D1-B2A6-42B3-B22D-5A5EC27CB3B8}.Release|Any CPU.ActiveCfg = Release|Any CPU
		{A043B4D1-B2A6-42B3-B22D-5A5EC27CB3B8}.Release|Any CPU.Build.0 = Release|Any CPU
	EndGlobalSection
	GlobalSection(SolutionProperties) = preSolution
		HideSolutionNode = FALSE
	EndGlobalSection
	GlobalSection(ExtensibilityGlobals) = postSolution
		SolutionGuid = {087D09B2-5935-4E19-A74B-C1F0BA4CC37F}
	EndGlobalSection
EndGlobal
